lockfile_version: '1'
apm_version: 0.30.0
dependencies:
- repo_url: sergio-sisternes-epam/atlas
  name: atlas
  host: github.com
  resolved_commit: 579e8090273ce991ea0717abed0775dc03f28de2
  resolved_ref: 579e8090273ce991ea0717abed0775dc03f28de2
  version: 0.11.2
  package_type: hybrid
  content_hash: sha256:4b742d2074a56c7fbc5d0542a24c943b89e5eb429a4a67f1bbe063ca501dc0a4
  discovered_via: atlas
  marketplace_plugin_name: atlas
  declared_license: Apache-2.0
- repo_url: sergio-sisternes-epam/discuss
  name: discuss
  host: github.com
  resolved_commit: c1c0936d9a0346dce7d877646046c918de335d69
  resolved_ref: c1c0936d9a0346dce7d877646046c918de335d69
  version: 0.3.10
  package_type: hybrid
  content_hash: sha256:3498acb321112fa030e53a70df621894b814f50431b43a98d61939c5e33ac4b4
  discovered_via: atlas
  marketplace_plugin_name: discuss
  declared_license: Apache-2.0
- repo_url: sergio-sisternes-epam/okf
  name: okf
  host: github.com
  resolved_commit: 5246f7b193b58a32ac8a15fc76aedf37c42b042c
  resolved_ref: 5246f7b193b58a32ac8a15fc76aedf37c42b042c
  version: 0.2.1
  package_type: hybrid
  content_hash: sha256:48d5e79752e6a448975da0fef2981938f7c6149810e30aca805a77cf123a10d8
  discovered_via: atlas
  marketplace_plugin_name: okf
  declared_license: Apache-2.0
- repo_url: sergio-sisternes-epam/think
  name: think
  host: github.com
  resolved_commit: 874613a67018c74ee95f857416fb315d2f80b92b
  resolved_ref: 874613a67018c74ee95f857416fb315d2f80b92b
  version: 0.1.0
  package_type: apm_package
  content_hash: sha256:ebeffcdcbe7a1e62bf877b4f5954dc890cff3e5b371723f83130b5d984e1f455
  discovered_via: atlas
  marketplace_plugin_name: think
  declared_license: Apache-2.0
deployments: []
